{
  "pins" : [
    {
      "identity" : "handymacros",
      "kind" : "remoteSourceControl",
      "location" : "https://github.com/pookjw/HandyMacros.git",
      "state" : {
        "branch" : "main",
        "revision" : "5366b9091ac8208e9d1036b6d91ad6a5a4adfecf"
      }
    },
    {
      "identity" : "swift-syntax",
      "kind" : "remoteSourceControl",
      "location" : "https://github.com/apple/swift-syntax.git",
      "state" : {
        "branch" : "main",
        "revision" : "52859074c793a46a0446e8b225686a0f5ce19d97"
      }
    },
    {
      "identity" : "swift-testing",
      "kind" : "remoteSourceControl",
      "location" : "https://github.com/apple/swift-testing.git",
      "state" : {
        "branch" : "main",
        "revision" : "123a304151b879d9b268924e7c3ab7d51600c1d0"
      }
    }
  ],
  "version" : 2
}
