{
  "pins" : [
    {
      "identity" : "handymacros",
      "kind" : "remoteSourceControl",
      "location" : "https://github.com/pookjw/HandyMacros.git",
      "state" : {
        "branch" : "main",
        "revision" : "5366b9091ac8208e9d1036b6d91ad6a5a4adfecf"
      }
    },
    {
      "identity" : "swift-syntax",
      "kind" : "remoteSourceControl",
      "location" : "https://github.com/apple/swift-syntax.git",
      "state" : {
        "branch" : "main",
        "revision" : "23d207d0b9057f02fcbdb2813f6ec832514c457c"
      }
    },
    {
      "identity" : "swift-testing",
      "kind" : "remoteSourceControl",
      "location" : "https://github.com/apple/swift-testing.git",
      "state" : {
        "branch" : "main",
        "revision" : "322b12c093ab3d144bbc790de47388c5b44523ef"
      }
    }
  ],
  "version" : 2
}
