{
  "pins" : [
    {
      "identity" : "handymacros",
      "kind" : "remoteSourceControl",
      "location" : "https://github.com/pookjw/HandyMacros.git",
      "state" : {
        "branch" : "main",
        "revision" : "5366b9091ac8208e9d1036b6d91ad6a5a4adfecf"
      }
    },
    {
      "identity" : "swift-syntax",
      "kind" : "remoteSourceControl",
      "location" : "https://github.com/apple/swift-syntax.git",
      "state" : {
        "branch" : "main",
        "revision" : "39e732e277b47a19b4f057cec971892d4c757156"
      }
    },
    {
      "identity" : "swift-testing",
      "kind" : "remoteSourceControl",
      "location" : "https://github.com/apple/swift-testing.git",
      "state" : {
        "branch" : "main",
        "revision" : "11f376433d80544ec5560d67217dfc1beb0f8c6f"
      }
    }
  ],
  "version" : 2
}
