// !$*UTF8*$!
{
	archiveVersion = 1;
	classes = {
	};
	objectVersion = 56;
	objects = {

/* Begin PBXBuildFile section */
		4FB186D92AF6746E00A87403 /* CardBacksViewController.mm in Sources */ = {isa = PBXBuildFile; fileRef = 4FB186D82AF6746E00A87403 /* CardBacksViewController.mm */; };
		4FB186DD2AF68A8E00A87403 /* CardBacksOptionsViewController.mm in Sources */ = {isa = PBXBuildFile; fileRef = 4FB186DC2AF68A8E00A87403 /* CardBacksOptionsViewController.mm */; };
		4FB186E02AF68C2500A87403 /* CardBacksOptionsViewModel.mm in Sources */ = {isa = PBXBuildFile; fileRef = 4FB186DE2AF68C2500A87403 /* CardBacksOptionsViewModel.mm */; };
		4FD59A632AF2A3EE00EEEFD8 /* StoneCore in Frameworks */ = {isa = PBXBuildFile; productRef = 4FD59A622AF2A3EE00EEEFD8 /* StoneCore */; };
		4FEF15F02AEBFC810059D1FB /* Assets.xcassets in Resources */ = {isa = PBXBuildFile; fileRef = 4FEF15EF2AEBFC810059D1FB /* Assets.xcassets */; };
		4FEF15F92AEBFCC10059D1FB /* main.mm in Sources */ = {isa = PBXBuildFile; fileRef = 4FEF15F82AEBFCC10059D1FB /* main.mm */; };
		4FEF15FC2AEBFD0F0059D1FB /* UIKit.framework in Frameworks */ = {isa = PBXBuildFile; fileRef = 4FEF15FB2AEBFD0F0059D1FB /* UIKit.framework */; };
		4FEF16012AEBFD360059D1FB /* AppDelegate.mm in Sources */ = {isa = PBXBuildFile; fileRef = 4FEF16002AEBFD360059D1FB /* AppDelegate.mm */; };
		4FEF16042AEBFDA10059D1FB /* SceneDelegate.mm in Sources */ = {isa = PBXBuildFile; fileRef = 4FEF16032AEBFDA10059D1FB /* SceneDelegate.mm */; };
		4FEF163D2AED5A6E0059D1FB /* NSObject+Foundation_IvarDescription.mm in Sources */ = {isa = PBXBuildFile; fileRef = 4FEF163C2AED5A6E0059D1FB /* NSObject+Foundation_IvarDescription.mm */; };
		4FEF16432AED75150059D1FB /* CardsViewController.mm in Sources */ = {isa = PBXBuildFile; fileRef = 4FEF16422AED75150059D1FB /* CardsViewController.mm */; };
		4FEF16462AED75FD0059D1FB /* SettingsViewController.mm in Sources */ = {isa = PBXBuildFile; fileRef = 4FEF16452AED75FD0059D1FB /* SettingsViewController.mm */; };
		4FEF168F2AEDFF4A0059D1FB /* CardOptionsViewController.mm in Sources */ = {isa = PBXBuildFile; fileRef = 4FEF168E2AEDFF4A0059D1FB /* CardOptionsViewController.mm */; };
/* End PBXBuildFile section */

/* Begin PBXFileReference section */
		4F93F4802AFA82A800688504 /* HearthstoneAPIService+Macro.hpp */ = {isa = PBXFileReference; lastKnownFileType = sourcecode.cpp.h; path = "HearthstoneAPIService+Macro.hpp"; sourceTree = "<group>"; };
		4FB186D72AF6746E00A87403 /* CardBacksViewController.hpp */ = {isa = PBXFileReference; lastKnownFileType = sourcecode.cpp.h; path = CardBacksViewController.hpp; sourceTree = "<group>"; };
		4FB186D82AF6746E00A87403 /* CardBacksViewController.mm */ = {isa = PBXFileReference; lastKnownFileType = sourcecode.cpp.objcpp; path = CardBacksViewController.mm; sourceTree = "<group>"; };
		4FB186DB2AF68A8E00A87403 /* CardBacksOptionsViewController.hpp */ = {isa = PBXFileReference; lastKnownFileType = sourcecode.cpp.h; path = CardBacksOptionsViewController.hpp; sourceTree = "<group>"; };
		4FB186DC2AF68A8E00A87403 /* CardBacksOptionsViewController.mm */ = {isa = PBXFileReference; lastKnownFileType = sourcecode.cpp.objcpp; path = CardBacksOptionsViewController.mm; sourceTree = "<group>"; };
		4FB186DE2AF68C2500A87403 /* CardBacksOptionsViewModel.mm */ = {isa = PBXFileReference; lastKnownFileType = sourcecode.cpp.objcpp; path = CardBacksOptionsViewModel.mm; sourceTree = "<group>"; };
		4FB186DF2AF68C2500A87403 /* CardBacksOptionsViewModel.hpp */ = {isa = PBXFileReference; lastKnownFileType = sourcecode.cpp.h; path = CardBacksOptionsViewModel.hpp; sourceTree = "<group>"; };
		4FEF15E52AEBFC800059D1FB /* SurfStone.app */ = {isa = PBXFileReference; explicitFileType = wrapper.application; includeInIndex = 0; path = SurfStone.app; sourceTree = BUILT_PRODUCTS_DIR; };
		4FEF15EF2AEBFC810059D1FB /* Assets.xcassets */ = {isa = PBXFileReference; lastKnownFileType = folder.assetcatalog; path = Assets.xcassets; sourceTree = "<group>"; };
		4FEF15F42AEBFC810059D1FB /* Info.plist */ = {isa = PBXFileReference; lastKnownFileType = text.plist.xml; path = Info.plist; sourceTree = "<group>"; };
		4FEF15F82AEBFCC10059D1FB /* main.mm */ = {isa = PBXFileReference; lastKnownFileType = sourcecode.cpp.objcpp; path = main.mm; sourceTree = "<group>"; };
		4FEF15FB2AEBFD0F0059D1FB /* UIKit.framework */ = {isa = PBXFileReference; lastKnownFileType = wrapper.framework; name = UIKit.framework; path = System/Library/Frameworks/UIKit.framework; sourceTree = SDKROOT; };
		4FEF15FF2AEBFD360059D1FB /* AppDelegate.hpp */ = {isa = PBXFileReference; lastKnownFileType = sourcecode.cpp.h; path = AppDelegate.hpp; sourceTree = "<group>"; };
		4FEF16002AEBFD360059D1FB /* AppDelegate.mm */ = {isa = PBXFileReference; lastKnownFileType = sourcecode.cpp.objcpp; path = AppDelegate.mm; sourceTree = "<group>"; };
		4FEF16022AEBFDA10059D1FB /* SceneDelegate.hpp */ = {isa = PBXFileReference; lastKnownFileType = sourcecode.cpp.h; path = SceneDelegate.hpp; sourceTree = "<group>"; };
		4FEF16032AEBFDA10059D1FB /* SceneDelegate.mm */ = {isa = PBXFileReference; lastKnownFileType = sourcecode.cpp.objcpp; path = SceneDelegate.mm; sourceTree = "<group>"; };
		4FEF163B2AED5A6E0059D1FB /* NSObject+Foundation_IvarDescription.h */ = {isa = PBXFileReference; fileEncoding = 4; lastKnownFileType = sourcecode.c.h; path = "NSObject+Foundation_IvarDescription.h"; sourceTree = "<group>"; };
		4FEF163C2AED5A6E0059D1FB /* NSObject+Foundation_IvarDescription.mm */ = {isa = PBXFileReference; fileEncoding = 4; lastKnownFileType = sourcecode.cpp.objcpp; path = "NSObject+Foundation_IvarDescription.mm"; sourceTree = "<group>"; };
		4FEF16412AED75150059D1FB /* CardsViewController.hpp */ = {isa = PBXFileReference; lastKnownFileType = sourcecode.cpp.h; path = CardsViewController.hpp; sourceTree = "<group>"; };
		4FEF16422AED75150059D1FB /* CardsViewController.mm */ = {isa = PBXFileReference; lastKnownFileType = sourcecode.cpp.objcpp; path = CardsViewController.mm; sourceTree = "<group>"; };
		4FEF16442AED75FD0059D1FB /* SettingsViewController.hpp */ = {isa = PBXFileReference; lastKnownFileType = sourcecode.cpp.h; path = SettingsViewController.hpp; sourceTree = "<group>"; };
		4FEF16452AED75FD0059D1FB /* SettingsViewController.mm */ = {isa = PBXFileReference; lastKnownFileType = sourcecode.cpp.objcpp; path = SettingsViewController.mm; sourceTree = "<group>"; };
		4FEF168D2AEDFF4A0059D1FB /* CardOptionsViewController.hpp */ = {isa = PBXFileReference; lastKnownFileType = sourcecode.cpp.h; path = CardOptionsViewController.hpp; sourceTree = "<group>"; };
		4FEF168E2AEDFF4A0059D1FB /* CardOptionsViewController.mm */ = {isa = PBXFileReference; lastKnownFileType = sourcecode.cpp.objcpp; path = CardOptionsViewController.mm; sourceTree = "<group>"; };
		4FEF16902AEE00630059D1FB /* StoneCore */ = {isa = PBXFileReference; lastKnownFileType = wrapper; path = StoneCore; sourceTree = "<group>"; };
		4FF6B2192B0241CB008E911E /* StoneCore.xctestplan */ = {isa = PBXFileReference; lastKnownFileType = text; path = StoneCore.xctestplan; sourceTree = "<group>"; };
/* End PBXFileReference section */

/* Begin PBXFrameworksBuildPhase section */
		4FEF15E22AEBFC800059D1FB /* Frameworks */ = {
			isa = PBXFrameworksBuildPhase;
			buildActionMask = 2147483647;
			files = (
				4FEF15FC2AEBFD0F0059D1FB /* UIKit.framework in Frameworks */,
				4FD59A632AF2A3EE00EEEFD8 /* StoneCore in Frameworks */,
			);
			runOnlyForDeploymentPostprocessing = 0;
		};
/* End PBXFrameworksBuildPhase section */

/* Begin PBXGroup section */
		4F93F47F2AFA829100688504 /* StoneCoreHeaders */ = {
			isa = PBXGroup;
			children = (
				4F93F4802AFA82A800688504 /* HearthstoneAPIService+Macro.hpp */,
			);
			path = StoneCoreHeaders;
			sourceTree = "<group>";
		};
		4FB186D62AF6744200A87403 /* CardBacks */ = {
			isa = PBXGroup;
			children = (
				4FB186D72AF6746E00A87403 /* CardBacksViewController.hpp */,
				4FB186D82AF6746E00A87403 /* CardBacksViewController.mm */,
				4FB186DA2AF68A7C00A87403 /* CardBacksOptionsViewController */,
			);
			path = CardBacks;
			sourceTree = "<group>";
		};
		4FB186DA2AF68A7C00A87403 /* CardBacksOptionsViewController */ = {
			isa = PBXGroup;
			children = (
				4FB186DB2AF68A8E00A87403 /* CardBacksOptionsViewController.hpp */,
				4FB186DC2AF68A8E00A87403 /* CardBacksOptionsViewController.mm */,
				4FB186DF2AF68C2500A87403 /* CardBacksOptionsViewModel.hpp */,
				4FB186DE2AF68C2500A87403 /* CardBacksOptionsViewModel.mm */,
			);
			path = CardBacksOptionsViewController;
			sourceTree = "<group>";
		};
		4FEF15C22AEBFB4A0059D1FB = {
			isa = PBXGroup;
			children = (
				4FF6B2192B0241CB008E911E /* StoneCore.xctestplan */,
				4FEF16902AEE00630059D1FB /* StoneCore */,
				4FEF15E62AEBFC800059D1FB /* SurfStone */,
				4FEF15CC2AEBFB4A0059D1FB /* Products */,
				4FEF15FA2AEBFD0F0059D1FB /* Frameworks */,
			);
			sourceTree = "<group>";
		};
		4FEF15CC2AEBFB4A0059D1FB /* Products */ = {
			isa = PBXGroup;
			children = (
				4FEF15E52AEBFC800059D1FB /* SurfStone.app */,
			);
			name = Products;
			sourceTree = "<group>";
		};
		4FEF15E62AEBFC800059D1FB /* SurfStone */ = {
			isa = PBXGroup;
			children = (
				4F93F47F2AFA829100688504 /* StoneCoreHeaders */,
				4FEF15EF2AEBFC810059D1FB /* Assets.xcassets */,
				4FEF15F42AEBFC810059D1FB /* Info.plist */,
				4FEF15F82AEBFCC10059D1FB /* main.mm */,
				4FEF15FF2AEBFD360059D1FB /* AppDelegate.hpp */,
				4FEF16002AEBFD360059D1FB /* AppDelegate.mm */,
				4FEF16022AEBFDA10059D1FB /* SceneDelegate.hpp */,
				4FEF16032AEBFDA10059D1FB /* SceneDelegate.mm */,
				4FEF163B2AED5A6E0059D1FB /* NSObject+Foundation_IvarDescription.h */,
				4FEF163C2AED5A6E0059D1FB /* NSObject+Foundation_IvarDescription.mm */,
				4FEF163F2AED74D40059D1FB /* Cards */,
				4FB186D62AF6744200A87403 /* CardBacks */,
				4FEF16402AED74E80059D1FB /* Settings */,
			);
			path = SurfStone;
			sourceTree = "<group>";
		};
		4FEF15FA2AEBFD0F0059D1FB /* Frameworks */ = {
			isa = PBXGroup;
			children = (
				4FEF15FB2AEBFD0F0059D1FB /* UIKit.framework */,
			);
			name = Frameworks;
			sourceTree = "<group>";
		};
		4FEF163F2AED74D40059D1FB /* Cards */ = {
			isa = PBXGroup;
			children = (
				4FEF16412AED75150059D1FB /* CardsViewController.hpp */,
				4FEF16422AED75150059D1FB /* CardsViewController.mm */,
				4FEF168C2AEDFF260059D1FB /* CardOptions */,
			);
			path = Cards;
			sourceTree = "<group>";
		};
		4FEF16402AED74E80059D1FB /* Settings */ = {
			isa = PBXGroup;
			children = (
				4FEF16442AED75FD0059D1FB /* SettingsViewController.hpp */,
				4FEF16452AED75FD0059D1FB /* SettingsViewController.mm */,
			);
			path = Settings;
			sourceTree = "<group>";
		};
		4FEF168C2AEDFF260059D1FB /* CardOptions */ = {
			isa = PBXGroup;
			children = (
				4FEF168D2AEDFF4A0059D1FB /* CardOptionsViewController.hpp */,
				4FEF168E2AEDFF4A0059D1FB /* CardOptionsViewController.mm */,
			);
			path = CardOptions;
			sourceTree = "<group>";
		};
/* End PBXGroup section */

/* Begin PBXNativeTarget section */
		4FEF15E42AEBFC800059D1FB /* SurfStone */ = {
			isa = PBXNativeTarget;
			buildConfigurationList = 4FEF15F52AEBFC810059D1FB /* Build configuration list for PBXNativeTarget "SurfStone" */;
			buildPhases = (
				4FEF15E12AEBFC800059D1FB /* Sources */,
				4FEF15E22AEBFC800059D1FB /* Frameworks */,
				4FEF15E32AEBFC800059D1FB /* Resources */,
			);
			buildRules = (
			);
			dependencies = (
			);
			name = SurfStone;
			packageProductDependencies = (
				4FD59A622AF2A3EE00EEEFD8 /* StoneCore */,
			);
			productName = SurfStone;
			productReference = 4FEF15E52AEBFC800059D1FB /* SurfStone.app */;
			productType = "com.apple.product-type.application";
		};
/* End PBXNativeTarget section */

/* Begin PBXProject section */
		4FEF15C32AEBFB4A0059D1FB /* Project object */ = {
			isa = PBXProject;
			attributes = {
				BuildIndependentTargetsInParallel = 1;
				LastSwiftUpdateCheck = 1510;
				LastUpgradeCheck = 1510;
				TargetAttributes = {
					4FEF15E42AEBFC800059D1FB = {
						CreatedOnToolsVersion = 15.1;
					};
				};
			};
			buildConfigurationList = 4FEF15C62AEBFB4A0059D1FB /* Build configuration list for PBXProject "Stone" */;
			compatibilityVersion = "Xcode 14.0";
			developmentRegion = en;
			hasScannedForEncodings = 0;
			knownRegions = (
				en,
				Base,
			);
			mainGroup = 4FEF15C22AEBFB4A0059D1FB;
			productRefGroup = 4FEF15CC2AEBFB4A0059D1FB /* Products */;
			projectDirPath = "";
			projectRoot = "";
			targets = (
				4FEF15E42AEBFC800059D1FB /* SurfStone */,
			);
		};
/* End PBXProject section */

/* Begin PBXResourcesBuildPhase section */
		4FEF15E32AEBFC800059D1FB /* Resources */ = {
			isa = PBXResourcesBuildPhase;
			buildActionMask = 2147483647;
			files = (
				4FEF15F02AEBFC810059D1FB /* Assets.xcassets in Resources */,
			);
			runOnlyForDeploymentPostprocessing = 0;
		};
/* End PBXResourcesBuildPhase section */

/* Begin PBXSourcesBuildPhase section */
		4FEF15E12AEBFC800059D1FB /* Sources */ = {
			isa = PBXSourcesBuildPhase;
			buildActionMask = 2147483647;
			files = (
				4FB186E02AF68C2500A87403 /* CardBacksOptionsViewModel.mm in Sources */,
				4FEF163D2AED5A6E0059D1FB /* NSObject+Foundation_IvarDescription.mm in Sources */,
				4FB186D92AF6746E00A87403 /* CardBacksViewController.mm in Sources */,
				4FEF16012AEBFD360059D1FB /* AppDelegate.mm in Sources */,
				4FEF16432AED75150059D1FB /* CardsViewController.mm in Sources */,
				4FEF16042AEBFDA10059D1FB /* SceneDelegate.mm in Sources */,
				4FEF16462AED75FD0059D1FB /* SettingsViewController.mm in Sources */,
				4FEF15F92AEBFCC10059D1FB /* main.mm in Sources */,
				4FEF168F2AEDFF4A0059D1FB /* CardOptionsViewController.mm in Sources */,
				4FB186DD2AF68A8E00A87403 /* CardBacksOptionsViewController.mm in Sources */,
			);
			runOnlyForDeploymentPostprocessing = 0;
		};
/* End PBXSourcesBuildPhase section */

/* Begin XCBuildConfiguration section */
		4FEF15DC2AEBFB4B0059D1FB /* Debug */ = {
			isa = XCBuildConfiguration;
			buildSettings = {
				ALWAYS_SEARCH_USER_PATHS = NO;
				ASSETCATALOG_COMPILER_GENERATE_SWIFT_ASSET_SYMBOL_EXTENSIONS = YES;
				CLANG_ANALYZER_NONNULL = YES;
				CLANG_ANALYZER_NUMBER_OBJECT_CONVERSION = YES_AGGRESSIVE;
				CLANG_CXX_LANGUAGE_STANDARD = "gnu++20";
				CLANG_ENABLE_MODULES = YES;
				CLANG_ENABLE_OBJC_ARC = NO;
				CLANG_ENABLE_OBJC_WEAK = YES;
				CLANG_WARN_BLOCK_CAPTURE_AUTORELEASING = YES;
				CLANG_WARN_BOOL_CONVERSION = YES;
				CLANG_WARN_COMMA = YES;
				CLANG_WARN_CONSTANT_CONVERSION = YES;
				CLANG_WARN_DEPRECATED_OBJC_IMPLEMENTATIONS = YES;
				CLANG_WARN_DIRECT_OBJC_ISA_USAGE = YES_ERROR;
				CLANG_WARN_DOCUMENTATION_COMMENTS = YES;
				CLANG_WARN_EMPTY_BODY = YES;
				CLANG_WARN_ENUM_CONVERSION = YES;
				CLANG_WARN_INFINITE_RECURSION = YES;
				CLANG_WARN_INT_CONVERSION = YES;
				CLANG_WARN_NON_LITERAL_NULL_CONVERSION = YES;
				CLANG_WARN_OBJC_IMPLICIT_RETAIN_SELF = YES;
				CLANG_WARN_OBJC_LITERAL_CONVERSION = YES;
				CLANG_WARN_OBJC_ROOT_CLASS = YES_ERROR;
				CLANG_WARN_QUOTED_INCLUDE_IN_FRAMEWORK_HEADER = YES;
				CLANG_WARN_RANGE_LOOP_ANALYSIS = YES;
				CLANG_WARN_STRICT_PROTOTYPES = YES;
				CLANG_WARN_SUSPICIOUS_MOVE = YES;
				CLANG_WARN_UNGUARDED_AVAILABILITY = YES_AGGRESSIVE;
				CLANG_WARN_UNREACHABLE_CODE = YES;
				CLANG_WARN__DUPLICATE_METHOD_MATCH = YES;
				COPY_PHASE_STRIP = NO;
				DEBUG_INFORMATION_FORMAT = dwarf;
				ENABLE_STRICT_OBJC_MSGSEND = YES;
				ENABLE_TESTABILITY = YES;
				ENABLE_USER_SCRIPT_SANDBOXING = YES;
				GCC_C_LANGUAGE_STANDARD = gnu17;
				GCC_DYNAMIC_NO_PIC = NO;
				GCC_NO_COMMON_BLOCKS = YES;
				GCC_OPTIMIZATION_LEVEL = 0;
				GCC_PREPROCESSOR_DEFINITIONS = (
					"DEBUG=1",
					"$(inherited)",
				);
				GCC_WARN_64_TO_32_BIT_CONVERSION = YES;
				GCC_WARN_ABOUT_RETURN_TYPE = YES_ERROR;
				GCC_WARN_UNDECLARED_SELECTOR = YES;
				GCC_WARN_UNINITIALIZED_AUTOS = YES_AGGRESSIVE;
				GCC_WARN_UNUSED_FUNCTION = YES;
				GCC_WARN_UNUSED_VARIABLE = YES;
				LOCALIZATION_PREFERS_STRING_CATALOGS = YES;
				MTL_ENABLE_DEBUG_INFO = INCLUDE_SOURCE;
				MTL_FAST_MATH = YES;
				ONLY_ACTIVE_ARCH = YES;
				OTHER_CPLUSPLUSFLAGS = (
					"$(OTHER_CFLAGS)",
					"-fmodules",
					"-fcxx-modules",
				);
				SDKROOT = xros;
				SWIFT_ACTIVE_COMPILATION_CONDITIONS = "DEBUG $(inherited)";
				SWIFT_OPTIMIZATION_LEVEL = "-Onone";
				XROS_DEPLOYMENT_TARGET = 1.0;
			};
			name = Debug;
		};
		4FEF15DD2AEBFB4B0059D1FB /* Release */ = {
			isa = XCBuildConfiguration;
			buildSettings = {
				ALWAYS_SEARCH_USER_PATHS = NO;
				ASSETCATALOG_COMPILER_GENERATE_SWIFT_ASSET_SYMBOL_EXTENSIONS = YES;
				CLANG_ANALYZER_NONNULL = YES;
				CLANG_ANALYZER_NUMBER_OBJECT_CONVERSION = YES_AGGRESSIVE;
				CLANG_CXX_LANGUAGE_STANDARD = "gnu++20";
				CLANG_ENABLE_MODULES = YES;
				CLANG_ENABLE_OBJC_ARC = NO;
				CLANG_ENABLE_OBJC_WEAK = YES;
				CLANG_WARN_BLOCK_CAPTURE_AUTORELEASING = YES;
				CLANG_WARN_BOOL_CONVERSION = YES;
				CLANG_WARN_COMMA = YES;
				CLANG_WARN_CONSTANT_CONVERSION = YES;
				CLANG_WARN_DEPRECATED_OBJC_IMPLEMENTATIONS = YES;
				CLANG_WARN_DIRECT_OBJC_ISA_USAGE = YES_ERROR;
				CLANG_WARN_DOCUMENTATION_COMMENTS = YES;
				CLANG_WARN_EMPTY_BODY = YES;
				CLANG_WARN_ENUM_CONVERSION = YES;
				CLANG_WARN_INFINITE_RECURSION = YES;
				CLANG_WARN_INT_CONVERSION = YES;
				CLANG_WARN_NON_LITERAL_NULL_CONVERSION = YES;
				CLANG_WARN_OBJC_IMPLICIT_RETAIN_SELF = YES;
				CLANG_WARN_OBJC_LITERAL_CONVERSION = YES;
				CLANG_WARN_OBJC_ROOT_CLASS = YES_ERROR;
				CLANG_WARN_QUOTED_INCLUDE_IN_FRAMEWORK_HEADER = YES;
				CLANG_WARN_RANGE_LOOP_ANALYSIS = YES;
				CLANG_WARN_STRICT_PROTOTYPES = YES;
				CLANG_WARN_SUSPICIOUS_MOVE = YES;
				CLANG_WARN_UNGUARDED_AVAILABILITY = YES_AGGRESSIVE;
				CLANG_WARN_UNREACHABLE_CODE = YES;
				CLANG_WARN__DUPLICATE_METHOD_MATCH = YES;
				COPY_PHASE_STRIP = NO;
				DEBUG_INFORMATION_FORMAT = "dwarf-with-dsym";
				ENABLE_NS_ASSERTIONS = NO;
				ENABLE_STRICT_OBJC_MSGSEND = YES;
				ENABLE_USER_SCRIPT_SANDBOXING = YES;
				GCC_C_LANGUAGE_STANDARD = gnu17;
				GCC_NO_COMMON_BLOCKS = YES;
				GCC_WARN_64_TO_32_BIT_CONVERSION = YES;
				GCC_WARN_ABOUT_RETURN_TYPE = YES_ERROR;
				GCC_WARN_UNDECLARED_SELECTOR = YES;
				GCC_WARN_UNINITIALIZED_AUTOS = YES_AGGRESSIVE;
				GCC_WARN_UNUSED_FUNCTION = YES;
				GCC_WARN_UNUSED_VARIABLE = YES;
				LOCALIZATION_PREFERS_STRING_CATALOGS = YES;
				MTL_ENABLE_DEBUG_INFO = NO;
				MTL_FAST_MATH = YES;
				OTHER_CPLUSPLUSFLAGS = (
					"$(OTHER_CFLAGS)",
					"-fmodules",
					"-fcxx-modules",
				);
				SDKROOT = xros;
				SWIFT_COMPILATION_MODE = wholemodule;
				VALIDATE_PRODUCT = YES;
				XROS_DEPLOYMENT_TARGET = 1.0;
			};
			name = Release;
		};
		4FEF15F62AEBFC810059D1FB /* Debug */ = {
			isa = XCBuildConfiguration;
			buildSettings = {
				ASSETCATALOG_COMPILER_APPICON_NAME = AppIcon;
				ASSETCATALOG_COMPILER_GLOBAL_ACCENT_COLOR_NAME = AccentColor;
				CODE_SIGN_STYLE = Automatic;
				CURRENT_PROJECT_VERSION = 1;
				DEVELOPMENT_TEAM = P53D29U9LJ;
				ENABLE_PREVIEWS = NO;
				GENERATE_INFOPLIST_FILE = YES;
				INFOPLIST_FILE = "$(TARGET_NAME)/Info.plist";
				LD_RUNPATH_SEARCH_PATHS = (
					"$(inherited)",
					"@executable_path/Frameworks",
				);
				MARKETING_VERSION = 1.0;
				PRODUCT_BUNDLE_IDENTIFIER = com.pookjw.SurfStone;
				PRODUCT_NAME = "$(TARGET_NAME)";
				SUPPORTED_PLATFORMS = "xros xrsimulator";
				SWIFT_EMIT_LOC_STRINGS = YES;
				SWIFT_VERSION = 5.0;
				TARGETED_DEVICE_FAMILY = "1,2,7";
			};
			name = Debug;
		};
		4FEF15F72AEBFC810059D1FB /* Release */ = {
			isa = XCBuildConfiguration;
			buildSettings = {
				ASSETCATALOG_COMPILER_APPICON_NAME = AppIcon;
				ASSETCATALOG_COMPILER_GLOBAL_ACCENT_COLOR_NAME = AccentColor;
				CODE_SIGN_STYLE = Automatic;
				CURRENT_PROJECT_VERSION = 1;
				DEVELOPMENT_TEAM = P53D29U9LJ;
				ENABLE_PREVIEWS = NO;
				GENERATE_INFOPLIST_FILE = YES;
				INFOPLIST_FILE = "$(TARGET_NAME)/Info.plist";
				LD_RUNPATH_SEARCH_PATHS = (
					"$(inherited)",
					"@executable_path/Frameworks",
				);
				MARKETING_VERSION = 1.0;
				PRODUCT_BUNDLE_IDENTIFIER = com.pookjw.SurfStone;
				PRODUCT_NAME = "$(TARGET_NAME)";
				SUPPORTED_PLATFORMS = "xros xrsimulator";
				SWIFT_EMIT_LOC_STRINGS = YES;
				SWIFT_VERSION = 5.0;
				TARGETED_DEVICE_FAMILY = "1,2,7";
			};
			name = Release;
		};
/* End XCBuildConfiguration section */

/* Begin XCConfigurationList section */
		4FEF15C62AEBFB4A0059D1FB /* Build configuration list for PBXProject "Stone" */ = {
			isa = XCConfigurationList;
			buildConfigurations = (
				4FEF15DC2AEBFB4B0059D1FB /* Debug */,
				4FEF15DD2AEBFB4B0059D1FB /* Release */,
			);
			defaultConfigurationIsVisible = 0;
			defaultConfigurationName = Release;
		};
		4FEF15F52AEBFC810059D1FB /* Build configuration list for PBXNativeTarget "SurfStone" */ = {
			isa = XCConfigurationList;
			buildConfigurations = (
				4FEF15F62AEBFC810059D1FB /* Debug */,
				4FEF15F72AEBFC810059D1FB /* Release */,
			);
			defaultConfigurationIsVisible = 0;
			defaultConfigurationName = Release;
		};
/* End XCConfigurationList section */

/* Begin XCSwiftPackageProductDependency section */
		4FD59A622AF2A3EE00EEEFD8 /* StoneCore */ = {
			isa = XCSwiftPackageProductDependency;
			productName = StoneCore;
		};
/* End XCSwiftPackageProductDependency section */
	};
	rootObject = 4FEF15C32AEBFB4A0059D1FB /* Project object */;
}
